<Solution>
  <Project Path="Prog_3/Prog_3.csproj" Id="d118fb61-ea3a-40ae-ad0d-9a5435fdf863" />
  <Project Path="Prog_4/Prog_4.csproj" Id="d4628a71-b5f0-486e-aab6-31e6ec246431" />
  <Project Path="Prog_5/Prog_5.csproj" Id="66e7c67e-0739-44c3-9d89-9a39eb886514" />
  <Project Path="Prog_6/Prog_6.csproj" Id="59f824de-6487-4a77-becc-fc1ea7c72270" />
  <Project Path="Prog_7/Prog_7.csproj" Id="c3caba7d-08a5-4875-960a-a2ca63e07e0b" />
  <Project Path="Prog_8/Prog_8.csproj" Id="691670f2-c608-46cf-97c6-0465990e3d52" />
  <Project Path="Prog_9/Prog_9.csproj" Id="aae39908-bdfd-4093-8e65-8450119ae605" />
</Solution>
